// !$*UTF8*$!
{
	archiveVersion = 1;
	classes = {
	};
	objectVersion = 56;
	objects = {

/* Begin PBXBuildFile section */
		FCA00000000000000000001C /* FitCheckApp.swift in Sources */ = {isa = PBXBuildFile; fileRef = FCA000000000000000000015 /* FitCheckApp.swift */; };
		FCA00000000000000000001D /* NotchViewModel.swift in Sources */ = {isa = PBXBuildFile; fileRef = FCA000000000000000000016 /* NotchViewModel.swift */; };
		FCA00000000000000000001E /* CameraManager.swift in Sources */ = {isa = PBXBuildFile; fileRef = FCA000000000000000000017 /* CameraManager.swift */; };
		FCA00000000000000000001F /* FaceDetectionManager.swift in Sources */ = {isa = PBXBuildFile; fileRef = FCA000000000000000000018 /* FaceDetectionManager.swift */; };
		FCA000000000000000000020 /* CameraPreviewRepresentable.swift in Sources */ = {isa = PBXBuildFile; fileRef = FCA000000000000000000019 /* CameraPreviewRepresentable.swift */; };
		FCA000000000000000000021 /* NotchView.swift in Sources */ = {isa = PBXBuildFile; fileRef = FCA00000000000000000001A /* NotchView.swift */; };
		FCA000000000000000000022 /* NotchWindowController.swift in Sources */ = {isa = PBXBuildFile; fileRef = FCA00000000000000000001B /* NotchWindowController.swift */; };
		FCA000000000000000000023 /* AVFoundation.framework in Frameworks */ = {isa = PBXBuildFile; fileRef = FCA000000000000000000011 /* AVFoundation.framework */; };
		FCA000000000000000000024 /* Vision.framework in Frameworks */ = {isa = PBXBuildFile; fileRef = FCA000000000000000000012 /* Vision.framework */; };
/* End PBXBuildFile section */

/* Begin PBXFileReference section */
		FCA000000000000000000010 /* FitCheck.app */ = {isa = PBXFileReference; explicitFileType = wrapper.application; includeInIndex = 0; path = FitCheck.app; sourceTree = BUILT_PRODUCTS_DIR; };
		FCA000000000000000000011 /* AVFoundation.framework */ = {isa = PBXFileReference; lastKnownFileType = wrapper.framework; name = AVFoundation.framework; path = System/Library/Frameworks/AVFoundation.framework; sourceTree = SDKROOT; };
		FCA000000000000000000012 /* Vision.framework */ = {isa = PBXFileReference; lastKnownFileType = wrapper.framework; name = Vision.framework; path = System/Library/Frameworks/Vision.framework; sourceTree = SDKROOT; };
		FCA000000000000000000013 /* Info.plist */ = {isa = PBXFileReference; lastKnownFileType = text.plist.xml; path = Info.plist; sourceTree = "<group>"; };
		FCA000000000000000000014 /* FitCheck.entitlements */ = {isa = PBXFileReference; lastKnownFileType = text.plist.entitlements; path = FitCheck.entitlements; sourceTree = "<group>"; };
		FCA000000000000000000015 /* FitCheckApp.swift */ = {isa = PBXFileReference; lastKnownFileType = sourcecode.swift; path = FitCheckApp.swift; sourceTree = "<group>"; };
		FCA000000000000000000016 /* NotchViewModel.swift */ = {isa = PBXFileReference; lastKnownFileType = sourcecode.swift; path = NotchViewModel.swift; sourceTree = "<group>"; };
		FCA000000000000000000017 /* CameraManager.swift */ = {isa = PBXFileReference; lastKnownFileType = sourcecode.swift; path = CameraManager.swift; sourceTree = "<group>"; };
		FCA000000000000000000018 /* FaceDetectionManager.swift */ = {isa = PBXFileReference; lastKnownFileType = sourcecode.swift; path = FaceDetectionManager.swift; sourceTree = "<group>"; };
		FCA000000000000000000019 /* CameraPreviewRepresentable.swift */ = {isa = PBXFileReference; lastKnownFileType = sourcecode.swift; path = CameraPreviewRepresentable.swift; sourceTree = "<group>"; };
		FCA00000000000000000001A /* NotchView.swift */ = {isa = PBXFileReference; lastKnownFileType = sourcecode.swift; path = NotchView.swift; sourceTree = "<group>"; };
		FCA00000000000000000001B /* NotchWindowController.swift */ = {isa = PBXFileReference; lastKnownFileType = sourcecode.swift; path = NotchWindowController.swift; sourceTree = "<group>"; };
/* End PBXFileReference section */

/* Begin PBXFrameworksBuildPhase section */
		FCA000000000000000000004 /* Frameworks */ = {
			isa = PBXFrameworksBuildPhase;
			buildActionMask = 2147483647;
			files = (
				FCA000000000000000000023 /* AVFoundation.framework in Frameworks */,
				FCA000000000000000000024 /* Vision.framework in Frameworks */,
			);
			runOnlyForDeploymentPostprocessing = 0;
		};
/* End PBXFrameworksBuildPhase section */

/* Begin PBXGroup section */
		FCA000000000000000000006 /* MainGroup */ = {
			isa = PBXGroup;
			children = (
				FCA000000000000000000008 /* FitCheck */,
				FCA000000000000000000009 /* Frameworks */,
				FCA000000000000000000007 /* Products */,
			);
			sourceTree = "<group>";
		};
		FCA000000000000000000007 /* Products */ = {
			isa = PBXGroup;
			children = (
				FCA000000000000000000010 /* FitCheck.app */,
			);
			name = Products;
			sourceTree = "<group>";
		};
		FCA000000000000000000008 /* FitCheck */ = {
			isa = PBXGroup;
			children = (
				FCA000000000000000000015 /* FitCheckApp.swift */,
				FCA000000000000000000016 /* NotchViewModel.swift */,
				FCA00000000000000000001B /* NotchWindowController.swift */,
				FCA00000000000000000001A /* NotchView.swift */,
				FCA000000000000000000017 /* CameraManager.swift */,
				FCA000000000000000000018 /* FaceDetectionManager.swift */,
				FCA000000000000000000019 /* CameraPreviewRepresentable.swift */,
				FCA000000000000000000013 /* Info.plist */,
				FCA000000000000000000014 /* FitCheck.entitlements */,
			);
			path = FitCheck;
			sourceTree = "<group>";
		};
		FCA000000000000000000009 /* Frameworks */ = {
			isa = PBXGroup;
			children = (
				FCA000000000000000000011 /* AVFoundation.framework */,
				FCA000000000000000000012 /* Vision.framework */,
			);
			name = Frameworks;
			sourceTree = "<group>";
		};
/* End PBXGroup section */

/* Begin PBXNativeTarget section */
		FCA000000000000000000002 /* FitCheck */ = {
			isa = PBXNativeTarget;
			buildConfigurationList = FCA00000000000000000000F /* Build configuration list for PBXNativeTarget "FitCheck" */;
			buildPhases = (
				FCA000000000000000000003 /* Sources */,
				FCA000000000000000000004 /* Frameworks */,
				FCA000000000000000000005 /* Resources */,
			);
			buildRules = (
			);
			dependencies = (
			);
			name = FitCheck;
			productName = FitCheck;
			productReference = FCA000000000000000000010 /* FitCheck.app */;
			productType = "com.apple.product-type.application";
		};
/* End PBXNativeTarget section */

/* Begin PBXProject section */
		FCA000000000000000000001 /* Project object */ = {
			isa = PBXProject;
			attributes = {
				BuildIndependentTargetsInParallel = 1;
				LastSwiftUpdateCheck = 1500;
				LastUpgradeCheck = 1500;
				ORGANIZATIONNAME = "";
				TargetAttributes = {
					FCA000000000000000000002 = {
						CreatedOnToolsVersion = 15.0;
					};
				};
			};
			buildConfigurationList = FCA00000000000000000000E /* Build configuration list for PBXProject "FitCheck" */;
			compatibilityVersion = "Xcode 14.0";
			developmentRegion = en;
			hasScannedForEncodings = 0;
			knownRegions = (
				en,
				Base,
			);
			mainGroup = FCA000000000000000000006;
			productRefGroup = FCA000000000000000000007 /* Products */;
			projectDirPath = "";
			projectRoot = "";
			targets = (
				FCA000000000000000000002 /* FitCheck */,
			);
		};
/* End PBXProject section */

/* Begin PBXResourcesBuildPhase section */
		FCA000000000000000000005 /* Resources */ = {
			isa = PBXResourcesBuildPhase;
			buildActionMask = 2147483647;
			files = (
			);
			runOnlyForDeploymentPostprocessing = 0;
		};
/* End PBXResourcesBuildPhase section */

/* Begin PBXSourcesBuildPhase section */
		FCA000000000000000000003 /* Sources */ = {
			isa = PBXSourcesBuildPhase;
			buildActionMask = 2147483647;
			files = (
				FCA00000000000000000001C /* FitCheckApp.swift in Sources */,
				FCA00000000000000000001D /* NotchViewModel.swift in Sources */,
				FCA00000000000000000001E /* CameraManager.swift in Sources */,
				FCA00000000000000000001F /* FaceDetectionManager.swift in Sources */,
				FCA000000000000000000020 /* CameraPreviewRepresentable.swift in Sources */,
				FCA000000000000000000021 /* NotchView.swift in Sources */,
				FCA000000000000000000022 /* NotchWindowController.swift in Sources */,
			);
			runOnlyForDeploymentPostprocessing = 0;
		};
/* End PBXSourcesBuildPhase section */

/* Begin XCBuildConfiguration section */
		FCA00000000000000000000A /* Debug */ = {
			isa = XCBuildConfiguration;
			buildSettings = {
				ALWAYS_SEARCH_USER_PATHS = NO;
				ASSETCATALOG_COMPILER_GENERATE_SWIFT_ASSET_SYMBOL_EXTENSIONS = YES;
				CLANG_ANALYZER_NONNULL = YES;
				CLANG_ANALYZER_NUMBER_OBJECT_CONVERSION = YES_AGGRESSIVE;
				CLANG_CXX_LANGUAGE_STANDARD = "gnu++20";
				CLANG_ENABLE_MODULES = YES;
				CLANG_ENABLE_OBJC_ARC = YES;
				CLANG_ENABLE_OBJC_WEAK = YES;
				CLANG_WARN_BLOCK_CAPTURE_AUTORELEASING = YES;
				CLANG_WARN_BOOL_CONVERSION = YES;
				CLANG_WARN_COMMA = YES;
				CLANG_WARN_CONSTANT_CONVERSION = YES;
				CLANG_WARN_DEPRECATED_OBJC_IMPLEMENTATIONS = YES;
				CLANG_WARN_DIRECT_OBJC_ISA_USAGE = YES_ERROR;
				CLANG_WARN_DOCUMENTATION_COMMENTS = YES;
				CLANG_WARN_EMPTY_BODY = YES;
				CLANG_WARN_ENUM_CONVERSION = YES;
				CLANG_WARN_INFINITE_RECURSION = YES;
				CLANG_WARN_INT_CONVERSION = YES;
				CLANG_WARN_NON_LITERAL_NULL_CONVERSION = YES;
				CLANG_WARN_OBJC_IMPLICIT_RETAIN_SELF = YES;
				CLANG_WARN_OBJC_LITERAL_CONVERSION = YES;
				CLANG_WARN_OBJC_ROOT_CLASS = YES_ERROR;
				CLANG_WARN_QUOTED_INCLUDE_IN_FRAMEWORK_HEADER = YES;
				CLANG_WARN_RANGE_LOOP_ANALYSIS = YES;
				CLANG_WARN_STRICT_PROTOTYPES = YES;
				CLANG_WARN_SUSPICIOUS_MOVE = YES;
				CLANG_WARN_UNGUARDED_AVAILABILITY = YES_AGGRESSIVE;
				CLANG_WARN_UNREACHABLE_CODE = YES;
				CLANG_WARN__DUPLICATE_METHOD_MATCH = YES;
				COPY_PHASE_STRIP = NO;
				DEBUG_INFORMATION_FORMAT = dwarf;
				ENABLE_STRICT_OBJC_MSGSEND = YES;
				ENABLE_TESTABILITY = YES;
				ENABLE_USER_SCRIPT_SANDBOXING = YES;
				GCC_C_LANGUAGE_STANDARD = gnu17;
				GCC_DYNAMIC_NO_PIC = NO;
				GCC_NO_COMMON_BLOCKS = YES;
				GCC_OPTIMIZATION_LEVEL = 0;
				GCC_PREPROCESSOR_DEFINITIONS = (
					"DEBUG=1",
					"$(inherited)",
				);
				GCC_WARN_64_TO_32_BIT_CONVERSION = YES;
				GCC_WARN_ABOUT_RETURN_TYPE = YES_ERROR;
				GCC_WARN_UNDECLARED_SELECTOR = YES;
				GCC_WARN_UNINITIALIZED_AUTOS = YES_AGGRESSIVE;
				GCC_WARN_UNUSED_FUNCTION = YES;
				GCC_WARN_UNUSED_VARIABLE = YES;
				MACOSX_DEPLOYMENT_TARGET = 13.0;
				MTL_ENABLE_DEBUG_INFO = INCLUDE_SOURCE;
				MTL_FAST_MATH = YES;
				ONLY_ACTIVE_ARCH = YES;
				SDKROOT = macosx;
				SWIFT_ACTIVE_COMPILATION_CONDITIONS = DEBUG;
				SWIFT_OPTIMIZATION_LEVEL = "-Onone";
			};
			name = Debug;
		};
		FCA00000000000000000000B /* Release */ = {
			isa = XCBuildConfiguration;
			buildSettings = {
				ALWAYS_SEARCH_USER_PATHS = NO;
				ASSETCATALOG_COMPILER_GENERATE_SWIFT_ASSET_SYMBOL_EXTENSIONS = YES;
				CLANG_ANALYZER_NONNULL = YES;
				CLANG_ANALYZER_NUMBER_OBJECT_CONVERSION = YES_AGGRESSIVE;
				CLANG_CXX_LANGUAGE_STANDARD = "gnu++20";
				CLANG_ENABLE_MODULES = YES;
				CLANG_ENABLE_OBJC_ARC = YES;
				CLANG_ENABLE_OBJC_WEAK = YES;
				CLANG_WARN_BLOCK_CAPTURE_AUTORELEASING = YES;
				CLANG_WARN_BOOL_CONVERSION = YES;
				CLANG_WARN_COMMA = YES;
				CLANG_WARN_CONSTANT_CONVERSION = YES;
				CLANG_WARN_DEPRECATED_OBJC_IMPLEMENTATIONS = YES;
				CLANG_WARN_DIRECT_OBJC_ISA_USAGE = YES_ERROR;
				CLANG_WARN_DOCUMENTATION_COMMENTS = YES;
				CLANG_WARN_EMPTY_BODY = YES;
				CLANG_WARN_ENUM_CONVERSION = YES;
				CLANG_WARN_INFINITE_RECURSION = YES;
				CLANG_WARN_INT_CONVERSION = YES;
				CLANG_WARN_NON_LITERAL_NULL_CONVERSION = YES;
				CLANG_WARN_OBJC_IMPLICIT_RETAIN_SELF = YES;
				CLANG_WARN_OBJC_LITERAL_CONVERSION = YES;
				CLANG_WARN_OBJC_ROOT_CLASS = YES_ERROR;
				CLANG_WARN_QUOTED_INCLUDE_IN_FRAMEWORK_HEADER = YES;
				CLANG_WARN_RANGE_LOOP_ANALYSIS = YES;
				CLANG_WARN_STRICT_PROTOTYPES = YES;
				CLANG_WARN_SUSPICIOUS_MOVE = YES;
				CLANG_WARN_UNGUARDED_AVAILABILITY = YES_AGGRESSIVE;
				CLANG_WARN_UNREACHABLE_CODE = YES;
				CLANG_WARN__DUPLICATE_METHOD_MATCH = YES;
				COPY_PHASE_STRIP = NO;
				DEBUG_INFORMATION_FORMAT = "dwarf-with-dsym";
				ENABLE_NS_ASSERTIONS = NO;
				ENABLE_STRICT_OBJC_MSGSEND = YES;
				ENABLE_USER_SCRIPT_SANDBOXING = YES;
				GCC_C_LANGUAGE_STANDARD = gnu17;
				GCC_NO_COMMON_BLOCKS = YES;
				GCC_WARN_64_TO_32_BIT_CONVERSION = YES;
				GCC_WARN_ABOUT_RETURN_TYPE = YES_ERROR;
				GCC_WARN_UNDECLARED_SELECTOR = YES;
				GCC_WARN_UNINITIALIZED_AUTOS = YES_AGGRESSIVE;
				GCC_WARN_UNUSED_FUNCTION = YES;
				GCC_WARN_UNUSED_VARIABLE = YES;
				MACOSX_DEPLOYMENT_TARGET = 13.0;
				MTL_FAST_MATH = YES;
				SDKROOT = macosx;
				SWIFT_COMPILATION_MODE = wholemodule;
				SWIFT_OPTIMIZATION_LEVEL = "-O";
			};
			name = Release;
		};
		FCA00000000000000000000C /* Debug */ = {
			isa = XCBuildConfiguration;
			buildSettings = {
				CODE_SIGN_ENTITLEMENTS = FitCheck/FitCheck.entitlements;
				CODE_SIGN_STYLE = Automatic;
				COMBINE_HIDPI_IMAGES = YES;
				CURRENT_PROJECT_VERSION = 1;
				GENERATE_INFOPLIST_FILE = NO;
				INFOPLIST_FILE = FitCheck/Info.plist;
				LD_RUNPATH_SEARCH_PATHS = (
					"$(inherited)",
					"@executable_path/../Frameworks",
				);
				MACOSX_DEPLOYMENT_TARGET = 13.0;
				MARKETING_VERSION = 1.0;
				PRODUCT_BUNDLE_IDENTIFIER = com.fitcheck.app;
				PRODUCT_NAME = FitCheck;
				SWIFT_EMIT_LOC_STRINGS = YES;
				SWIFT_VERSION = 5.0;
			};
			name = Debug;
		};
		FCA00000000000000000000D /* Release */ = {
			isa = XCBuildConfiguration;
			buildSettings = {
				CODE_SIGN_ENTITLEMENTS = FitCheck/FitCheck.entitlements;
				CODE_SIGN_STYLE = Automatic;
				COMBINE_HIDPI_IMAGES = YES;
				CURRENT_PROJECT_VERSION = 1;
				GENERATE_INFOPLIST_FILE = NO;
				INFOPLIST_FILE = FitCheck/Info.plist;
				LD_RUNPATH_SEARCH_PATHS = (
					"$(inherited)",
					"@executable_path/../Frameworks",
				);
				MACOSX_DEPLOYMENT_TARGET = 13.0;
				MARKETING_VERSION = 1.0;
				PRODUCT_BUNDLE_IDENTIFIER = com.fitcheck.app;
				PRODUCT_NAME = FitCheck;
				SWIFT_EMIT_LOC_STRINGS = YES;
				SWIFT_VERSION = 5.0;
			};
			name = Release;
		};
/* End XCBuildConfiguration section */

/* Begin XCConfigurationList section */
		FCA00000000000000000000E /* Build configuration list for PBXProject "FitCheck" */ = {
			isa = XCConfigurationList;
			buildConfigurations = (
				FCA00000000000000000000A /* Debug */,
				FCA00000000000000000000B /* Release */,
			);
			defaultConfigurationIsVisible = 0;
			defaultConfigurationName = Release;
		};
		FCA00000000000000000000F /* Build configuration list for PBXNativeTarget "FitCheck" */ = {
			isa = XCConfigurationList;
			buildConfigurations = (
				FCA00000000000000000000C /* Debug */,
				FCA00000000000000000000D /* Release */,
			);
			defaultConfigurationIsVisible = 0;
			defaultConfigurationName = Release;
		};
/* End XCConfigurationList section */
	};
	rootObject = FCA000000000000000000001 /* Project object */;
}
